// !$*UTF8*$!
{
	archiveVersion = 1;
	classes = {
	};
	objectVersion = 56;
	objects = {

/* Begin PBXBuildFile section */
		3F037DF82B28CF6E0096814D /* AppDelegate.swift in Sources */ = {isa = PBXBuildFile; fileRef = 3F037DF72B28CF6E0096814D /* AppDelegate.swift */; };
		3F037DFA2B28CF6E0096814D /* SceneDelegate.swift in Sources */ = {isa = PBXBuildFile; fileRef = 3F037DF92B28CF6E0096814D /* SceneDelegate.swift */; };
		3F037E012B28CF6F0096814D /* Assets.xcassets in Resources */ = {isa = PBXBuildFile; fileRef = 3F037E002B28CF6F0096814D /* Assets.xcassets */; };
		3F037E0C2B293DCB0096814D /* LaunchScreen.storyboard in Resources */ = {isa = PBXBuildFile; fileRef = 3F037E0B2B293DCB0096814D /* LaunchScreen.storyboard */; };
		3F037E142B29418E0096814D /* LoginViewController.swift in Sources */ = {isa = PBXBuildFile; fileRef = 3F037E132B29418E0096814D /* LoginViewController.swift */; };
		3F037E162B2941CA0096814D /* LoginView.swift in Sources */ = {isa = PBXBuildFile; fileRef = 3F037E152B2941CA0096814D /* LoginView.swift */; };
		3F037E192B2941E80096814D /* SnapKit in Frameworks */ = {isa = PBXBuildFile; productRef = 3F037E182B2941E80096814D /* SnapKit */; };
		3F037E1C2B2942140096814D /* Moya in Frameworks */ = {isa = PBXBuildFile; productRef = 3F037E1B2B2942140096814D /* Moya */; };
		3F037E222B2942490096814D /* BaseView.swift in Sources */ = {isa = PBXBuildFile; fileRef = 3F037E212B2942490096814D /* BaseView.swift */; };
		3F037E252B294D720096814D /* UIColor+extension.swift in Sources */ = {isa = PBXBuildFile; fileRef = 3F037E242B294D720096814D /* UIColor+extension.swift */; };
		3F037E272B294F450096814D /* UIImage+extension.swift in Sources */ = {isa = PBXBuildFile; fileRef = 3F037E262B294F450096814D /* UIImage+extension.swift */; };
		3F037E2B2B29C2BC0096814D /* SCDream6.otf in Resources */ = {isa = PBXBuildFile; fileRef = 3F037E292B29C2BC0096814D /* SCDream6.otf */; };
		3F037E2C2B29C2BC0096814D /* SCDream4.otf in Resources */ = {isa = PBXBuildFile; fileRef = 3F037E2A2B29C2BC0096814D /* SCDream4.otf */; };
		3F037E2F2B29C3090096814D /* UIFont+extension.swift in Sources */ = {isa = PBXBuildFile; fileRef = 3F037E2E2B29C3090096814D /* UIFont+extension.swift */; };
		3F037E312B29CBA60096814D /* RixInooAriDuri_Pro Regular.otf in Resources */ = {isa = PBXBuildFile; fileRef = 3F037E302B29CBA60096814D /* RixInooAriDuri_Pro Regular.otf */; };
		3F037E342B29CE360096814D /* JoinViewController.swift in Sources */ = {isa = PBXBuildFile; fileRef = 3F037E332B29CE360096814D /* JoinViewController.swift */; };
		3F037E362B29CE410096814D /* JoinView.swift in Sources */ = {isa = PBXBuildFile; fileRef = 3F037E352B29CE410096814D /* JoinView.swift */; };
		3F037E392B2A02020096814D /* logo.png in Resources */ = {isa = PBXBuildFile; fileRef = 3F037E382B2A02020096814D /* logo.png */; };
		3F037E3B2B2A03F20096814D /* APITarget.swift in Sources */ = {isa = PBXBuildFile; fileRef = 3F037E3A2B2A03F20096814D /* APITarget.swift */; };
		3F037E3D2B2A04C60096814D /* .gitignore in Resources */ = {isa = PBXBuildFile; fileRef = 3F037E3C2B2A04C60096814D /* .gitignore */; };
		3F037E3F2B2A05070096814D /* APIInfo.swift in Sources */ = {isa = PBXBuildFile; fileRef = 3F037E3E2B2A05070096814D /* APIInfo.swift */; };
		3F037E412B2A18B70096814D /* APIManager.swift in Sources */ = {isa = PBXBuildFile; fileRef = 3F037E402B2A18B70096814D /* APIManager.swift */; };
		3F037E442B2B53660096814D /* JoinModel.swift in Sources */ = {isa = PBXBuildFile; fileRef = 3F037E432B2B53660096814D /* JoinModel.swift */; };
		3F037E472B2B565C0096814D /* JoinError.swift in Sources */ = {isa = PBXBuildFile; fileRef = 3F037E462B2B565C0096814D /* JoinError.swift */; };
		3F037E4A2B2B57D50096814D /* ValidationEmailModel.swift in Sources */ = {isa = PBXBuildFile; fileRef = 3F037E492B2B57D50096814D /* ValidationEmailModel.swift */; };
		3F037E4C2B2B580F0096814D /* ValidationEmailError.swift in Sources */ = {isa = PBXBuildFile; fileRef = 3F037E4B2B2B580F0096814D /* ValidationEmailError.swift */; };
		3F037E4E2B2B5B890096814D /* LoginModel.swift in Sources */ = {isa = PBXBuildFile; fileRef = 3F037E4D2B2B5B890096814D /* LoginModel.swift */; };
		3F037E502B2B5BB60096814D /* LoginError.swift in Sources */ = {isa = PBXBuildFile; fileRef = 3F037E4F2B2B5BB50096814D /* LoginError.swift */; };
		3F037E522B2B60C90096814D /* TokenModel.swift in Sources */ = {isa = PBXBuildFile; fileRef = 3F037E512B2B60C90096814D /* TokenModel.swift */; };
		3F037E542B2B610F0096814D /* AcessTokenError.swift in Sources */ = {isa = PBXBuildFile; fileRef = 3F037E532B2B610F0096814D /* AcessTokenError.swift */; };
		3F037E562B2B631E0096814D /* Withdraw.swift in Sources */ = {isa = PBXBuildFile; fileRef = 3F037E552B2B631E0096814D /* Withdraw.swift */; };
/* End PBXBuildFile section */

/* Begin PBXFileReference section */
		3F037DF42B28CF6E0096814D /* PICKY.app */ = {isa = PBXFileReference; explicitFileType = wrapper.application; includeInIndex = 0; path = PICKY.app; sourceTree = BUILT_PRODUCTS_DIR; };
		3F037DF72B28CF6E0096814D /* AppDelegate.swift */ = {isa = PBXFileReference; lastKnownFileType = sourcecode.swift; path = AppDelegate.swift; sourceTree = "<group>"; };
		3F037DF92B28CF6E0096814D /* SceneDelegate.swift */ = {isa = PBXFileReference; lastKnownFileType = sourcecode.swift; path = SceneDelegate.swift; sourceTree = "<group>"; };
		3F037E002B28CF6F0096814D /* Assets.xcassets */ = {isa = PBXFileReference; lastKnownFileType = folder.assetcatalog; path = Assets.xcassets; sourceTree = "<group>"; };
		3F037E052B28CF6F0096814D /* Info.plist */ = {isa = PBXFileReference; lastKnownFileType = text.plist.xml; path = Info.plist; sourceTree = "<group>"; };
		3F037E0B2B293DCB0096814D /* LaunchScreen.storyboard */ = {isa = PBXFileReference; fileEncoding = 4; lastKnownFileType = file.storyboard; path = LaunchScreen.storyboard; sourceTree = "<group>"; };
		3F037E132B29418E0096814D /* LoginViewController.swift */ = {isa = PBXFileReference; lastKnownFileType = sourcecode.swift; path = LoginViewController.swift; sourceTree = "<group>"; };
		3F037E152B2941CA0096814D /* LoginView.swift */ = {isa = PBXFileReference; lastKnownFileType = sourcecode.swift; path = LoginView.swift; sourceTree = "<group>"; };
		3F037E212B2942490096814D /* BaseView.swift */ = {isa = PBXFileReference; lastKnownFileType = sourcecode.swift; path = BaseView.swift; sourceTree = "<group>"; };
		3F037E242B294D720096814D /* UIColor+extension.swift */ = {isa = PBXFileReference; lastKnownFileType = sourcecode.swift; path = "UIColor+extension.swift"; sourceTree = "<group>"; };
		3F037E262B294F450096814D /* UIImage+extension.swift */ = {isa = PBXFileReference; lastKnownFileType = sourcecode.swift; path = "UIImage+extension.swift"; sourceTree = "<group>"; };
		3F037E292B29C2BC0096814D /* SCDream6.otf */ = {isa = PBXFileReference; lastKnownFileType = file; path = SCDream6.otf; sourceTree = "<group>"; };
		3F037E2A2B29C2BC0096814D /* SCDream4.otf */ = {isa = PBXFileReference; lastKnownFileType = file; path = SCDream4.otf; sourceTree = "<group>"; };
		3F037E2E2B29C3090096814D /* UIFont+extension.swift */ = {isa = PBXFileReference; lastKnownFileType = sourcecode.swift; path = "UIFont+extension.swift"; sourceTree = "<group>"; };
		3F037E302B29CBA60096814D /* RixInooAriDuri_Pro Regular.otf */ = {isa = PBXFileReference; lastKnownFileType = file; path = "RixInooAriDuri_Pro Regular.otf"; sourceTree = "<group>"; };
		3F037E332B29CE360096814D /* JoinViewController.swift */ = {isa = PBXFileReference; lastKnownFileType = sourcecode.swift; path = JoinViewController.swift; sourceTree = "<group>"; };
		3F037E352B29CE410096814D /* JoinView.swift */ = {isa = PBXFileReference; lastKnownFileType = sourcecode.swift; path = JoinView.swift; sourceTree = "<group>"; };
		3F037E382B2A02020096814D /* logo.png */ = {isa = PBXFileReference; lastKnownFileType = image.png; path = logo.png; sourceTree = "<group>"; };
		3F037E3A2B2A03F20096814D /* APITarget.swift */ = {isa = PBXFileReference; lastKnownFileType = sourcecode.swift; path = APITarget.swift; sourceTree = "<group>"; };
		3F037E3C2B2A04C60096814D /* .gitignore */ = {isa = PBXFileReference; lastKnownFileType = text; path = .gitignore; sourceTree = "<group>"; };
		3F037E3E2B2A05070096814D /* APIInfo.swift */ = {isa = PBXFileReference; lastKnownFileType = sourcecode.swift; path = APIInfo.swift; sourceTree = "<group>"; };
		3F037E402B2A18B70096814D /* APIManager.swift */ = {isa = PBXFileReference; lastKnownFileType = sourcecode.swift; path = APIManager.swift; sourceTree = "<group>"; };
		3F037E432B2B53660096814D /* JoinModel.swift */ = {isa = PBXFileReference; lastKnownFileType = sourcecode.swift; path = JoinModel.swift; sourceTree = "<group>"; };
		3F037E462B2B565C0096814D /* JoinError.swift */ = {isa = PBXFileReference; lastKnownFileType = sourcecode.swift; path = JoinError.swift; sourceTree = "<group>"; };
		3F037E492B2B57D50096814D /* ValidationEmailModel.swift */ = {isa = PBXFileReference; lastKnownFileType = sourcecode.swift; path = ValidationEmailModel.swift; sourceTree = "<group>"; };
		3F037E4B2B2B580F0096814D /* ValidationEmailError.swift */ = {isa = PBXFileReference; lastKnownFileType = sourcecode.swift; path = ValidationEmailError.swift; sourceTree = "<group>"; };
		3F037E4D2B2B5B890096814D /* LoginModel.swift */ = {isa = PBXFileReference; lastKnownFileType = sourcecode.swift; path = LoginModel.swift; sourceTree = "<group>"; };
		3F037E4F2B2B5BB50096814D /* LoginError.swift */ = {isa = PBXFileReference; lastKnownFileType = sourcecode.swift; path = LoginError.swift; sourceTree = "<group>"; };
		3F037E512B2B60C90096814D /* TokenModel.swift */ = {isa = PBXFileReference; lastKnownFileType = sourcecode.swift; path = TokenModel.swift; sourceTree = "<group>"; };
		3F037E532B2B610F0096814D /* AcessTokenError.swift */ = {isa = PBXFileReference; lastKnownFileType = sourcecode.swift; path = AcessTokenError.swift; sourceTree = "<group>"; };
		3F037E552B2B631E0096814D /* Withdraw.swift */ = {isa = PBXFileReference; lastKnownFileType = sourcecode.swift; path = Withdraw.swift; sourceTree = "<group>"; };
/* End PBXFileReference section */

/* Begin PBXFrameworksBuildPhase section */
		3F037DF12B28CF6E0096814D /* Frameworks */ = {
			isa = PBXFrameworksBuildPhase;
			buildActionMask = 2147483647;
			files = (
				3F037E1C2B2942140096814D /* Moya in Frameworks */,
				3F037E192B2941E80096814D /* SnapKit in Frameworks */,
			);
			runOnlyForDeploymentPostprocessing = 0;
		};
/* End PBXFrameworksBuildPhase section */

/* Begin PBXGroup section */
		3F037DEB2B28CF6E0096814D = {
			isa = PBXGroup;
			children = (
				3F037DF62B28CF6E0096814D /* PICKY */,
				3F037DF52B28CF6E0096814D /* Products */,
			);
			sourceTree = "<group>";
		};
		3F037DF52B28CF6E0096814D /* Products */ = {
			isa = PBXGroup;
			children = (
				3F037DF42B28CF6E0096814D /* PICKY.app */,
			);
			name = Products;
			sourceTree = "<group>";
		};
		3F037DF62B28CF6E0096814D /* PICKY */ = {
			isa = PBXGroup;
			children = (
				3F037E1F2B29422A0096814D /* Common */,
				3F037E0E2B293E570096814D /* Login */,
				3F037E322B29CE190096814D /* Join */,
				3F037E0F2B293E7E0096814D /* Profile */,
				3F037E102B293E9A0096814D /* Footprint */,
				3F037E0D2B293E3A0096814D /* Delegate */,
				3F037E2D2B29C2C80096814D /* Font */,
				3F037E372B2A01ED0096814D /* LaunchScreen */,
				3F037E002B28CF6F0096814D /* Assets.xcassets */,
				3F037E052B28CF6F0096814D /* Info.plist */,
			);
			path = PICKY;
			sourceTree = "<group>";
		};
		3F037E0D2B293E3A0096814D /* Delegate */ = {
			isa = PBXGroup;
			children = (
				3F037DF72B28CF6E0096814D /* AppDelegate.swift */,
				3F037DF92B28CF6E0096814D /* SceneDelegate.swift */,
			);
			path = Delegate;
			sourceTree = "<group>";
		};
		3F037E0E2B293E570096814D /* Login */ = {
			isa = PBXGroup;
			children = (
				3F037E152B2941CA0096814D /* LoginView.swift */,
				3F037E132B29418E0096814D /* LoginViewController.swift */,
			);
			path = Login;
			sourceTree = "<group>";
		};
		3F037E0F2B293E7E0096814D /* Profile */ = {
			isa = PBXGroup;
			children = (
			);
			path = Profile;
			sourceTree = "<group>";
		};
		3F037E102B293E9A0096814D /* Footprint */ = {
			isa = PBXGroup;
			children = (
			);
			path = Footprint;
			sourceTree = "<group>";
		};
		3F037E1F2B29422A0096814D /* Common */ = {
			isa = PBXGroup;
			children = (
				3F037E212B2942490096814D /* BaseView.swift */,
				3F037E232B294D5C0096814D /* Extension */,
				3F037E202B2942310096814D /* API */,
			);
			path = Common;
			sourceTree = "<group>";
		};
		3F037E202B2942310096814D /* API */ = {
			isa = PBXGroup;
			children = (
				3F037E3C2B2A04C60096814D /* .gitignore */,
				3F037E3E2B2A05070096814D /* APIInfo.swift */,
				3F037E3A2B2A03F20096814D /* APITarget.swift */,
				3F037E402B2A18B70096814D /* APIManager.swift */,
				3F037E422B2B53530096814D /* Model */,
				3F037E452B2B56440096814D /* Error */,
			);
			path = API;
			sourceTree = "<group>";
		};
		3F037E232B294D5C0096814D /* Extension */ = {
			isa = PBXGroup;
			children = (
				3F037E242B294D720096814D /* UIColor+extension.swift */,
				3F037E262B294F450096814D /* UIImage+extension.swift */,
				3F037E2E2B29C3090096814D /* UIFont+extension.swift */,
			);
			path = Extension;
			sourceTree = "<group>";
		};
		3F037E2D2B29C2C80096814D /* Font */ = {
			isa = PBXGroup;
			children = (
				3F037E302B29CBA60096814D /* RixInooAriDuri_Pro Regular.otf */,
				3F037E2A2B29C2BC0096814D /* SCDream4.otf */,
				3F037E292B29C2BC0096814D /* SCDream6.otf */,
			);
			path = Font;
			sourceTree = "<group>";
		};
		3F037E322B29CE190096814D /* Join */ = {
			isa = PBXGroup;
			children = (
				3F037E352B29CE410096814D /* JoinView.swift */,
				3F037E332B29CE360096814D /* JoinViewController.swift */,
			);
			path = Join;
			sourceTree = "<group>";
		};
		3F037E372B2A01ED0096814D /* LaunchScreen */ = {
			isa = PBXGroup;
			children = (
				3F037E382B2A02020096814D /* logo.png */,
				3F037E0B2B293DCB0096814D /* LaunchScreen.storyboard */,
			);
			path = LaunchScreen;
			sourceTree = "<group>";
		};
		3F037E422B2B53530096814D /* Model */ = {
			isa = PBXGroup;
			children = (
				3F037E432B2B53660096814D /* JoinModel.swift */,
				3F037E492B2B57D50096814D /* ValidationEmailModel.swift */,
				3F037E4D2B2B5B890096814D /* LoginModel.swift */,
				3F037E512B2B60C90096814D /* TokenModel.swift */,
			);
			path = Model;
			sourceTree = "<group>";
		};
		3F037E452B2B56440096814D /* Error */ = {
			isa = PBXGroup;
			children = (
				3F037E462B2B565C0096814D /* JoinError.swift */,
				3F037E4B2B2B580F0096814D /* ValidationEmailError.swift */,
				3F037E4F2B2B5BB50096814D /* LoginError.swift */,
				3F037E532B2B610F0096814D /* AcessTokenError.swift */,
				3F037E552B2B631E0096814D /* Withdraw.swift */,
			);
			path = Error;
			sourceTree = "<group>";
		};
/* End PBXGroup section */

/* Begin PBXNativeTarget section */
		3F037DF32B28CF6E0096814D /* PICKY */ = {
			isa = PBXNativeTarget;
			buildConfigurationList = 3F037E082B28CF6F0096814D /* Build configuration list for PBXNativeTarget "PICKY" */;
			buildPhases = (
				3F037DF02B28CF6E0096814D /* Sources */,
				3F037DF12B28CF6E0096814D /* Frameworks */,
				3F037DF22B28CF6E0096814D /* Resources */,
			);
			buildRules = (
			);
			dependencies = (
			);
			name = PICKY;
			packageProductDependencies = (
				3F037E182B2941E80096814D /* SnapKit */,
				3F037E1B2B2942140096814D /* Moya */,
			);
			productName = PICKY;
			productReference = 3F037DF42B28CF6E0096814D /* PICKY.app */;
			productType = "com.apple.product-type.application";
		};
/* End PBXNativeTarget section */

/* Begin PBXProject section */
		3F037DEC2B28CF6E0096814D /* Project object */ = {
			isa = PBXProject;
			attributes = {
				BuildIndependentTargetsInParallel = 1;
				LastSwiftUpdateCheck = 1500;
				LastUpgradeCheck = 1500;
				TargetAttributes = {
					3F037DF32B28CF6E0096814D = {
						CreatedOnToolsVersion = 15.0;
					};
				};
			};
			buildConfigurationList = 3F037DEF2B28CF6E0096814D /* Build configuration list for PBXProject "PICKY" */;
			compatibilityVersion = "Xcode 14.0";
			developmentRegion = en;
			hasScannedForEncodings = 0;
			knownRegions = (
				en,
				Base,
			);
			mainGroup = 3F037DEB2B28CF6E0096814D;
			packageReferences = (
				3F037E172B2941E80096814D /* XCRemoteSwiftPackageReference "SnapKit" */,
				3F037E1A2B2942140096814D /* XCRemoteSwiftPackageReference "Moya" */,
			);
			productRefGroup = 3F037DF52B28CF6E0096814D /* Products */;
			projectDirPath = "";
			projectRoot = "";
			targets = (
				3F037DF32B28CF6E0096814D /* PICKY */,
			);
		};
/* End PBXProject section */

/* Begin PBXResourcesBuildPhase section */
		3F037DF22B28CF6E0096814D /* Resources */ = {
			isa = PBXResourcesBuildPhase;
			buildActionMask = 2147483647;
			files = (
				3F037E2B2B29C2BC0096814D /* SCDream6.otf in Resources */,
				3F037E3D2B2A04C60096814D /* .gitignore in Resources */,
				3F037E312B29CBA60096814D /* RixInooAriDuri_Pro Regular.otf in Resources */,
				3F037E392B2A02020096814D /* logo.png in Resources */,
				3F037E0C2B293DCB0096814D /* LaunchScreen.storyboard in Resources */,
				3F037E2C2B29C2BC0096814D /* SCDream4.otf in Resources */,
				3F037E012B28CF6F0096814D /* Assets.xcassets in Resources */,
			);
			runOnlyForDeploymentPostprocessing = 0;
		};
/* End PBXResourcesBuildPhase section */

/* Begin PBXSourcesBuildPhase section */
		3F037DF02B28CF6E0096814D /* Sources */ = {
			isa = PBXSourcesBuildPhase;
			buildActionMask = 2147483647;
			files = (
				3F037E142B29418E0096814D /* LoginViewController.swift in Sources */,
				3F037E442B2B53660096814D /* JoinModel.swift in Sources */,
				3F037E252B294D720096814D /* UIColor+extension.swift in Sources */,
				3F037E3F2B2A05070096814D /* APIInfo.swift in Sources */,
				3F037E502B2B5BB60096814D /* LoginError.swift in Sources */,
				3F037E522B2B60C90096814D /* TokenModel.swift in Sources */,
				3F037DF82B28CF6E0096814D /* AppDelegate.swift in Sources */,
				3F037E222B2942490096814D /* BaseView.swift in Sources */,
				3F037E472B2B565C0096814D /* JoinError.swift in Sources */,
				3F037E562B2B631E0096814D /* Withdraw.swift in Sources */,
				3F037E342B29CE360096814D /* JoinViewController.swift in Sources */,
				3F037E272B294F450096814D /* UIImage+extension.swift in Sources */,
				3F037E4C2B2B580F0096814D /* ValidationEmailError.swift in Sources */,
				3F037E4A2B2B57D50096814D /* ValidationEmailModel.swift in Sources */,
				3F037E2F2B29C3090096814D /* UIFont+extension.swift in Sources */,
				3F037E162B2941CA0096814D /* LoginView.swift in Sources */,
				3F037E4E2B2B5B890096814D /* LoginModel.swift in Sources */,
				3F037E362B29CE410096814D /* JoinView.swift in Sources */,
				3F037E542B2B610F0096814D /* AcessTokenError.swift in Sources */,
				3F037E412B2A18B70096814D /* APIManager.swift in Sources */,
				3F037E3B2B2A03F20096814D /* APITarget.swift in Sources */,
				3F037DFA2B28CF6E0096814D /* SceneDelegate.swift in Sources */,
			);
			runOnlyForDeploymentPostprocessing = 0;
		};
/* End PBXSourcesBuildPhase section */

/* Begin XCBuildConfiguration section */
		3F037E062B28CF6F0096814D /* Debug */ = {
			isa = XCBuildConfiguration;
			buildSettings = {
				ALWAYS_SEARCH_USER_PATHS = NO;
				ASSETCATALOG_COMPILER_GENERATE_SWIFT_ASSET_SYMBOL_EXTENSIONS = YES;
				CLANG_ANALYZER_NONNULL = YES;
				CLANG_ANALYZER_NUMBER_OBJECT_CONVERSION = YES_AGGRESSIVE;
				CLANG_CXX_LANGUAGE_STANDARD = "gnu++20";
				CLANG_ENABLE_MODULES = YES;
				CLANG_ENABLE_OBJC_ARC = YES;
				CLANG_ENABLE_OBJC_WEAK = YES;
				CLANG_WARN_BLOCK_CAPTURE_AUTORELEASING = YES;
				CLANG_WARN_BOOL_CONVERSION = YES;
				CLANG_WARN_COMMA = YES;
				CLANG_WARN_CONSTANT_CONVERSION = YES;
				CLANG_WARN_DEPRECATED_OBJC_IMPLEMENTATIONS = YES;
				CLANG_WARN_DIRECT_OBJC_ISA_USAGE = YES_ERROR;
				CLANG_WARN_DOCUMENTATION_COMMENTS = YES;
				CLANG_WARN_EMPTY_BODY = YES;
				CLANG_WARN_ENUM_CONVERSION = YES;
				CLANG_WARN_INFINITE_RECURSION = YES;
				CLANG_WARN_INT_CONVERSION = YES;
				CLANG_WARN_NON_LITERAL_NULL_CONVERSION = YES;
				CLANG_WARN_OBJC_IMPLICIT_RETAIN_SELF = YES;
				CLANG_WARN_OBJC_LITERAL_CONVERSION = YES;
				CLANG_WARN_OBJC_ROOT_CLASS = YES_ERROR;
				CLANG_WARN_QUOTED_INCLUDE_IN_FRAMEWORK_HEADER = YES;
				CLANG_WARN_RANGE_LOOP_ANALYSIS = YES;
				CLANG_WARN_STRICT_PROTOTYPES = YES;
				CLANG_WARN_SUSPICIOUS_MOVE = YES;
				CLANG_WARN_UNGUARDED_AVAILABILITY = YES_AGGRESSIVE;
				CLANG_WARN_UNREACHABLE_CODE = YES;
				CLANG_WARN__DUPLICATE_METHOD_MATCH = YES;
				COPY_PHASE_STRIP = NO;
				DEBUG_INFORMATION_FORMAT = dwarf;
				ENABLE_STRICT_OBJC_MSGSEND = YES;
				ENABLE_TESTABILITY = YES;
				ENABLE_USER_SCRIPT_SANDBOXING = YES;
				GCC_C_LANGUAGE_STANDARD = gnu17;
				GCC_DYNAMIC_NO_PIC = NO;
				GCC_NO_COMMON_BLOCKS = YES;
				GCC_OPTIMIZATION_LEVEL = 0;
				GCC_PREPROCESSOR_DEFINITIONS = (
					"DEBUG=1",
					"$(inherited)",
				);
				GCC_WARN_64_TO_32_BIT_CONVERSION = YES;
				GCC_WARN_ABOUT_RETURN_TYPE = YES_ERROR;
				GCC_WARN_UNDECLARED_SELECTOR = YES;
				GCC_WARN_UNINITIALIZED_AUTOS = YES_AGGRESSIVE;
				GCC_WARN_UNUSED_FUNCTION = YES;
				GCC_WARN_UNUSED_VARIABLE = YES;
				IPHONEOS_DEPLOYMENT_TARGET = 17.0;
				LOCALIZATION_PREFERS_STRING_CATALOGS = YES;
				MTL_ENABLE_DEBUG_INFO = INCLUDE_SOURCE;
				MTL_FAST_MATH = YES;
				ONLY_ACTIVE_ARCH = YES;
				SDKROOT = iphoneos;
				SWIFT_ACTIVE_COMPILATION_CONDITIONS = "DEBUG $(inherited)";
				SWIFT_OPTIMIZATION_LEVEL = "-Onone";
			};
			name = Debug;
		};
		3F037E072B28CF6F0096814D /* Release */ = {
			isa = XCBuildConfiguration;
			buildSettings = {
				ALWAYS_SEARCH_USER_PATHS = NO;
				ASSETCATALOG_COMPILER_GENERATE_SWIFT_ASSET_SYMBOL_EXTENSIONS = YES;
				CLANG_ANALYZER_NONNULL = YES;
				CLANG_ANALYZER_NUMBER_OBJECT_CONVERSION = YES_AGGRESSIVE;
				CLANG_CXX_LANGUAGE_STANDARD = "gnu++20";
				CLANG_ENABLE_MODULES = YES;
				CLANG_ENABLE_OBJC_ARC = YES;
				CLANG_ENABLE_OBJC_WEAK = YES;
				CLANG_WARN_BLOCK_CAPTURE_AUTORELEASING = YES;
				CLANG_WARN_BOOL_CONVERSION = YES;
				CLANG_WARN_COMMA = YES;
				CLANG_WARN_CONSTANT_CONVERSION = YES;
				CLANG_WARN_DEPRECATED_OBJC_IMPLEMENTATIONS = YES;
				CLANG_WARN_DIRECT_OBJC_ISA_USAGE = YES_ERROR;
				CLANG_WARN_DOCUMENTATION_COMMENTS = YES;
				CLANG_WARN_EMPTY_BODY = YES;
				CLANG_WARN_ENUM_CONVERSION = YES;
				CLANG_WARN_INFINITE_RECURSION = YES;
				CLANG_WARN_INT_CONVERSION = YES;
				CLANG_WARN_NON_LITERAL_NULL_CONVERSION = YES;
				CLANG_WARN_OBJC_IMPLICIT_RETAIN_SELF = YES;
				CLANG_WARN_OBJC_LITERAL_CONVERSION = YES;
				CLANG_WARN_OBJC_ROOT_CLASS = YES_ERROR;
				CLANG_WARN_QUOTED_INCLUDE_IN_FRAMEWORK_HEADER = YES;
				CLANG_WARN_RANGE_LOOP_ANALYSIS = YES;
				CLANG_WARN_STRICT_PROTOTYPES = YES;
				CLANG_WARN_SUSPICIOUS_MOVE = YES;
				CLANG_WARN_UNGUARDED_AVAILABILITY = YES_AGGRESSIVE;
				CLANG_WARN_UNREACHABLE_CODE = YES;
				CLANG_WARN__DUPLICATE_METHOD_MATCH = YES;
				COPY_PHASE_STRIP = NO;
				DEBUG_INFORMATION_FORMAT = "dwarf-with-dsym";
				ENABLE_NS_ASSERTIONS = NO;
				ENABLE_STRICT_OBJC_MSGSEND = YES;
				ENABLE_USER_SCRIPT_SANDBOXING = YES;
				GCC_C_LANGUAGE_STANDARD = gnu17;
				GCC_NO_COMMON_BLOCKS = YES;
				GCC_WARN_64_TO_32_BIT_CONVERSION = YES;
				GCC_WARN_ABOUT_RETURN_TYPE = YES_ERROR;
				GCC_WARN_UNDECLARED_SELECTOR = YES;
				GCC_WARN_UNINITIALIZED_AUTOS = YES_AGGRESSIVE;
				GCC_WARN_UNUSED_FUNCTION = YES;
				GCC_WARN_UNUSED_VARIABLE = YES;
				IPHONEOS_DEPLOYMENT_TARGET = 17.0;
				LOCALIZATION_PREFERS_STRING_CATALOGS = YES;
				MTL_ENABLE_DEBUG_INFO = NO;
				MTL_FAST_MATH = YES;
				SDKROOT = iphoneos;
				SWIFT_COMPILATION_MODE = wholemodule;
				VALIDATE_PRODUCT = YES;
			};
			name = Release;
		};
		3F037E092B28CF6F0096814D /* Debug */ = {
			isa = XCBuildConfiguration;
			buildSettings = {
				ASSETCATALOG_COMPILER_APPICON_NAME = AppIcon;
				ASSETCATALOG_COMPILER_GLOBAL_ACCENT_COLOR_NAME = AccentColor;
				CODE_SIGN_STYLE = Automatic;
				CURRENT_PROJECT_VERSION = 1;
				DEVELOPMENT_TEAM = NFCS5T44FS;
				GENERATE_INFOPLIST_FILE = YES;
				INFOPLIST_FILE = PICKY/Info.plist;
				INFOPLIST_KEY_UIApplicationSupportsIndirectInputEvents = YES;
				INFOPLIST_KEY_UILaunchStoryboardName = LaunchScreen;
				INFOPLIST_KEY_UISupportedInterfaceOrientations = UIInterfaceOrientationPortrait;
				INFOPLIST_KEY_UISupportedInterfaceOrientations_iPad = "UIInterfaceOrientationLandscapeLeft UIInterfaceOrientationLandscapeRight UIInterfaceOrientationPortrait UIInterfaceOrientationPortraitUpsideDown";
				IPHONEOS_DEPLOYMENT_TARGET = 14.0;
				LD_RUNPATH_SEARCH_PATHS = (
					"$(inherited)",
					"@executable_path/Frameworks",
				);
				MARKETING_VERSION = 1.0;
				PRODUCT_BUNDLE_IDENTIFIER = com.hany.PICKY;
				PRODUCT_NAME = "$(TARGET_NAME)";
				SUPPORTED_PLATFORMS = "iphoneos iphonesimulator";
				SUPPORTS_MACCATALYST = NO;
				SUPPORTS_MAC_DESIGNED_FOR_IPHONE_IPAD = NO;
				SWIFT_EMIT_LOC_STRINGS = YES;
				SWIFT_VERSION = 5.0;
				TARGETED_DEVICE_FAMILY = 1;
			};
			name = Debug;
		};
		3F037E0A2B28CF6F0096814D /* Release */ = {
			isa = XCBuildConfiguration;
			buildSettings = {
				ASSETCATALOG_COMPILER_APPICON_NAME = AppIcon;
				ASSETCATALOG_COMPILER_GLOBAL_ACCENT_COLOR_NAME = AccentColor;
				CODE_SIGN_STYLE = Automatic;
				CURRENT_PROJECT_VERSION = 1;
				DEVELOPMENT_TEAM = NFCS5T44FS;
				GENERATE_INFOPLIST_FILE = YES;
				INFOPLIST_FILE = PICKY/Info.plist;
				INFOPLIST_KEY_UIApplicationSupportsIndirectInputEvents = YES;
				INFOPLIST_KEY_UILaunchStoryboardName = LaunchScreen;
				INFOPLIST_KEY_UISupportedInterfaceOrientations = UIInterfaceOrientationPortrait;
				INFOPLIST_KEY_UISupportedInterfaceOrientations_iPad = "UIInterfaceOrientationLandscapeLeft UIInterfaceOrientationLandscapeRight UIInterfaceOrientationPortrait UIInterfaceOrientationPortraitUpsideDown";
				IPHONEOS_DEPLOYMENT_TARGET = 14.0;
				LD_RUNPATH_SEARCH_PATHS = (
					"$(inherited)",
					"@executable_path/Frameworks",
				);
				MARKETING_VERSION = 1.0;
				PRODUCT_BUNDLE_IDENTIFIER = com.hany.PICKY;
				PRODUCT_NAME = "$(TARGET_NAME)";
				SUPPORTED_PLATFORMS = "iphoneos iphonesimulator";
				SUPPORTS_MACCATALYST = NO;
				SUPPORTS_MAC_DESIGNED_FOR_IPHONE_IPAD = NO;
				SWIFT_EMIT_LOC_STRINGS = YES;
				SWIFT_VERSION = 5.0;
				TARGETED_DEVICE_FAMILY = 1;
			};
			name = Release;
		};
/* End XCBuildConfiguration section */

/* Begin XCConfigurationList section */
		3F037DEF2B28CF6E0096814D /* Build configuration list for PBXProject "PICKY" */ = {
			isa = XCConfigurationList;
			buildConfigurations = (
				3F037E062B28CF6F0096814D /* Debug */,
				3F037E072B28CF6F0096814D /* Release */,
			);
			defaultConfigurationIsVisible = 0;
			defaultConfigurationName = Release;
		};
		3F037E082B28CF6F0096814D /* Build configuration list for PBXNativeTarget "PICKY" */ = {
			isa = XCConfigurationList;
			buildConfigurations = (
				3F037E092B28CF6F0096814D /* Debug */,
				3F037E0A2B28CF6F0096814D /* Release */,
			);
			defaultConfigurationIsVisible = 0;
			defaultConfigurationName = Release;
		};
/* End XCConfigurationList section */

/* Begin XCRemoteSwiftPackageReference section */
		3F037E172B2941E80096814D /* XCRemoteSwiftPackageReference "SnapKit" */ = {
			isa = XCRemoteSwiftPackageReference;
			repositoryURL = "https://github.com/SnapKit/SnapKit";
			requirement = {
				kind = upToNextMajorVersion;
				minimumVersion = 5.6.0;
			};
		};
		3F037E1A2B2942140096814D /* XCRemoteSwiftPackageReference "Moya" */ = {
			isa = XCRemoteSwiftPackageReference;
			repositoryURL = "https://github.com/Moya/Moya";
			requirement = {
				kind = upToNextMajorVersion;
				minimumVersion = 15.0.3;
			};
		};
/* End XCRemoteSwiftPackageReference section */

/* Begin XCSwiftPackageProductDependency section */
		3F037E182B2941E80096814D /* SnapKit */ = {
			isa = XCSwiftPackageProductDependency;
			package = 3F037E172B2941E80096814D /* XCRemoteSwiftPackageReference "SnapKit" */;
			productName = SnapKit;
		};
		3F037E1B2B2942140096814D /* Moya */ = {
			isa = XCSwiftPackageProductDependency;
			package = 3F037E1A2B2942140096814D /* XCRemoteSwiftPackageReference "Moya" */;
			productName = Moya;
		};
/* End XCSwiftPackageProductDependency section */
	};
	rootObject = 3F037DEC2B28CF6E0096814D /* Project object */;
}
